
Microsoft Visual Studio Solution File, Format Version 12.00
# Visual Studio Version 17
VisualStudioVersion = 17.6.33829.357
MinimumVisualStudioVersion = 10.0.40219.1
Project("{FAE04EC0-301F-11D3-BF4B-00C04F79EFBC}") = "Open-CaptureGaming-Software", "Open-CaptureGaming-Software.csproj", "{EF489C57-5681-47AE-9DC4-5D02AA8996DA}"
EndProject
Global
	GlobalSection(SolutionConfigurationPlatforms) = preSolution
		Debug|Any CPU = Debug|Any CPU
		Release|Any CPU = Release|Any CPU
	EndGlobalSection
	GlobalSection(ProjectConfigurationPlatforms) = postSolution
		{EF489C57-5681-47AE-9DC4-5D02AA8996DA}.Debug|Any CPU.ActiveCfg = Debug|Any CPU
		{EF489C57-5681-47AE-9DC4-5D02AA8996DA}.Debug|Any CPU.Build.0 = Debug|Any CPU
		{EF489C57-5681-47AE-9DC4-5D02AA8996DA}.Release|Any CPU.ActiveCfg = Release|Any CPU
		{EF489C57-5681-47AE-9DC4-5D02AA8996DA}.Release|Any CPU.Build.0 = Release|Any CPU
	EndGlobalSection
	GlobalSection(SolutionProperties) = preSolution
		HideSolutionNode = FALSE
	EndGlobalSection
	GlobalSection(ExtensibilityGlobals) = postSolution
		SolutionGuid = {7154F33C-4C0B-440E-959E-0C37F279140F}
	EndGlobalSection
EndGlobal
